{
    "version": 3,
    "terraform_version": "0.11.1",
    "serial": 6,
    "lineage": "3d1996f5-7380-4478-912f-6b6455cbe066",
    "modules": [
        {
            "path": [
                "root"
            ],
            "outputs": {},
            "resources": {
                "aws_instance.exampleinstance": {
                    "type": "aws_instance",
                    "depends_on": [],
                    "primary": {
                        "id": "i-09e5c6bae77bc6be6",
                        "attributes": {
                            "ami": "ami-b55a51cc",
                            "associate_public_ip_address": "true",
                            "availability_zone": "us-west-2a",
                            "disable_api_termination": "false",
                            "ebs_block_device.#": "0",
                            "ebs_optimized": "false",
                            "ephemeral_block_device.#": "0",
                            "iam_instance_profile": "",
                            "id": "i-09e5c6bae77bc6be6",
                            "instance_state": "running",
                            "instance_type": "t2.micro",
                            "ipv6_addresses.#": "0",
                            "key_name": "andy.rajagopalan",
                            "monitoring": "false",
                            "network_interface.#": "0",
                            "network_interface_id": "eni-ec46e7ce",
                            "placement_group": "",
                            "primary_network_interface_id": "eni-ec46e7ce",
                            "private_dns": "ip-10-98-10-182.us-west-2.compute.internal",
                            "private_ip": "10.98.10.182",
                            "public_dns": "ec2-34-216-189-245.us-west-2.compute.amazonaws.com",
                            "public_ip": "34.216.189.245",
                            "root_block_device.#": "1",
                            "root_block_device.0.delete_on_termination": "true",
                            "root_block_device.0.iops": "100",
                            "root_block_device.0.volume_size": "10",
                            "root_block_device.0.volume_type": "gp2",
                            "security_groups.#": "0",
                            "source_dest_check": "true",
                            "subnet_id": "subnet-fdbb3198",
                            "tags.%": "4",
                            "tags.created_by": "Andy R",
                            "tags.department": "tse",
                            "tags.name": "andy.rajagopalan",
                            "tags.project": "self-practice",
                            "tenancy": "default",
                            "volume_tags.%": "0",
                            "vpc_security_group_ids.#": "2",
                            "vpc_security_group_ids.2462270095": "sg-15576a70",
                            "vpc_security_group_ids.3337734096": "sg-934a74f6"
                        },
                        "meta": {
                            "e2bfb730-ecaa-11e6-8f88-34363bc7c4c0": {
                                "create": 600000000000,
                                "delete": 600000000000,
                                "update": 600000000000
                            },
                            "schema_version": "1"
                        },
                        "tainted": true
                    },
                    "deposed": [],
                    "provider": "provider.aws"
                }
            },
            "depends_on": []
        }
    ]
}
